
Microsoft Visual Studio Solution File, Format Version 12.00
# Visual Studio Version 16
VisualStudioVersion = 16.0.30804.86
MinimumVisualStudioVersion = 15.0.26124.0
Project("{9A19103F-16F7-4668-BE54-9A1E7A4F7556}") = "QuestDiagnostics", "Quest Diagnostics\QuestDiagnostics.csproj", "{6124969D-D757-42E7-843A-91207AA9D300}"
EndProject
Project("{9A19103F-16F7-4668-BE54-9A1E7A4F7556}") = "QuestDiagnostics.Test", "Test\QuestDiagnostics.Test.csproj", "{F5A06240-2B58-4065-89FD-D6BC727216AB}"
EndProject
Global
	GlobalSection(SolutionConfigurationPlatforms) = preSolution
		Debug|Any CPU = Debug|Any CPU
		Debug|x64 = Debug|x64
		Debug|x86 = Debug|x86
		Release|Any CPU = Release|Any CPU
		Release|x64 = Release|x64
		Release|x86 = Release|x86
	EndGlobalSection
	GlobalSection(ProjectConfigurationPlatforms) = postSolution
		{6124969D-D757-42E7-843A-91207AA9D300}.Debug|Any CPU.ActiveCfg = Debug|Any CPU
		{6124969D-D757-42E7-843A-91207AA9D300}.Debug|Any CPU.Build.0 = Debug|Any CPU
		{6124969D-D757-42E7-843A-91207AA9D300}.Debug|x64.ActiveCfg = Debug|Any CPU
		{6124969D-D757-42E7-843A-91207AA9D300}.Debug|x64.Build.0 = Debug|Any CPU
		{6124969D-D757-42E7-843A-91207AA9D300}.Debug|x86.ActiveCfg = Debug|Any CPU
		{6124969D-D757-42E7-843A-91207AA9D300}.Debug|x86.Build.0 = Debug|Any CPU
		{6124969D-D757-42E7-843A-91207AA9D300}.Release|Any CPU.ActiveCfg = Release|Any CPU
		{6124969D-D757-42E7-843A-91207AA9D300}.Release|Any CPU.Build.0 = Release|Any CPU
		{6124969D-D757-42E7-843A-91207AA9D300}.Release|x64.ActiveCfg = Release|Any CPU
		{6124969D-D757-42E7-843A-91207AA9D300}.Release|x64.Build.0 = Release|Any CPU
		{6124969D-D757-42E7-843A-91207AA9D300}.Release|x86.ActiveCfg = Release|Any CPU
		{6124969D-D757-42E7-843A-91207AA9D300}.Release|x86.Build.0 = Release|Any CPU
		{F5A06240-2B58-4065-89FD-D6BC727216AB}.Debug|Any CPU.ActiveCfg = Debug|Any CPU
		{F5A06240-2B58-4065-89FD-D6BC727216AB}.Debug|Any CPU.Build.0 = Debug|Any CPU
		{F5A06240-2B58-4065-89FD-D6BC727216AB}.Debug|x64.ActiveCfg = Debug|Any CPU
		{F5A06240-2B58-4065-89FD-D6BC727216AB}.Debug|x64.Build.0 = Debug|Any CPU
		{F5A06240-2B58-4065-89FD-D6BC727216AB}.Debug|x86.ActiveCfg = Debug|Any CPU
		{F5A06240-2B58-4065-89FD-D6BC727216AB}.Debug|x86.Build.0 = Debug|Any CPU
		{F5A06240-2B58-4065-89FD-D6BC727216AB}.Release|Any CPU.ActiveCfg = Release|Any CPU
		{F5A06240-2B58-4065-89FD-D6BC727216AB}.Release|Any CPU.Build.0 = Release|Any CPU
		{F5A06240-2B58-4065-89FD-D6BC727216AB}.Release|x64.ActiveCfg = Release|Any CPU
		{F5A06240-2B58-4065-89FD-D6BC727216AB}.Release|x64.Build.0 = Release|Any CPU
		{F5A06240-2B58-4065-89FD-D6BC727216AB}.Release|x86.ActiveCfg = Release|Any CPU
		{F5A06240-2B58-4065-89FD-D6BC727216AB}.Release|x86.Build.0 = Release|Any CPU
	EndGlobalSection
	GlobalSection(SolutionProperties) = preSolution
		HideSolutionNode = FALSE
	EndGlobalSection
	GlobalSection(ExtensibilityGlobals) = postSolution
		SolutionGuid = {1B4655F5-4075-45F8-99A5-1E5DCF637E10}
	EndGlobalSection
EndGlobal
